
Microsoft Visual Studio Solution File, Format Version 12.00
# Visual Studio Version 16
VisualStudioVersion = 16.0.30804.86
MinimumVisualStudioVersion = 10.0.40219.1
Project("{9A19103F-16F7-4668-BE54-9A1E7A4F7556}") = "IdentityServer4.Contrib.RavenDB", "IdentityServer4.Contrib.RavenDB\IdentityServer4.Contrib.RavenDB.csproj", "{1D981723-7A73-4BFD-9454-03F9D65CE849}"
EndProject
Project("{9A19103F-16F7-4668-BE54-9A1E7A4F7556}") = "IdentityServer4.Contrib.RavenDB.Tests", "Tests\IdentityServer4.Contrib.RavenDB.Tests\IdentityServer4.Contrib.RavenDB.Tests.csproj", "{D6DC7411-3079-4CF4-8E7B-8EA40C024749}"
EndProject
Project("{2150E333-8FDC-42A3-9474-1A3956D46DE8}") = ".Solution Items", ".Solution Items", "{B42F3E8E-01E2-40AA-BC64-E45B56AD1578}"
	ProjectSection(SolutionItems) = preProject
		..\.editorconfig = ..\.editorconfig
		..\.gitignore = ..\.gitignore
		..\azure-pipelines.yml = ..\azure-pipelines.yml
		..\GitVersion.yml = ..\GitVersion.yml
		..\LICENSE = ..\LICENSE
		..\README.md = ..\README.md
	EndProjectSection
EndProject
Global
	GlobalSection(SolutionConfigurationPlatforms) = preSolution
		Debug|Any CPU = Debug|Any CPU
		Release|Any CPU = Release|Any CPU
	EndGlobalSection
	GlobalSection(ProjectConfigurationPlatforms) = postSolution
		{1D981723-7A73-4BFD-9454-03F9D65CE849}.Debug|Any CPU.ActiveCfg = Debug|Any CPU
		{1D981723-7A73-4BFD-9454-03F9D65CE849}.Debug|Any CPU.Build.0 = Debug|Any CPU
		{1D981723-7A73-4BFD-9454-03F9D65CE849}.Release|Any CPU.ActiveCfg = Release|Any CPU
		{1D981723-7A73-4BFD-9454-03F9D65CE849}.Release|Any CPU.Build.0 = Release|Any CPU
		{D6DC7411-3079-4CF4-8E7B-8EA40C024749}.Debug|Any CPU.ActiveCfg = Debug|Any CPU
		{D6DC7411-3079-4CF4-8E7B-8EA40C024749}.Debug|Any CPU.Build.0 = Debug|Any CPU
		{D6DC7411-3079-4CF4-8E7B-8EA40C024749}.Release|Any CPU.ActiveCfg = Release|Any CPU
		{D6DC7411-3079-4CF4-8E7B-8EA40C024749}.Release|Any CPU.Build.0 = Release|Any CPU
	EndGlobalSection
	GlobalSection(SolutionProperties) = preSolution
		HideSolutionNode = FALSE
	EndGlobalSection
	GlobalSection(ExtensibilityGlobals) = postSolution
		SolutionGuid = {D4F3EC6E-6821-4619-A80E-D2C6F4235949}
	EndGlobalSection
EndGlobal
